
Microsoft Visual Studio Solution File, Format Version 12.00
# Visual Studio Version 16
VisualStudioVersion = 16.0.30523.141
MinimumVisualStudioVersion = 10.0.40219.1
Project("{FAE04EC0-301F-11D3-BF4B-00C04F79EFBC}") = "azurefunctions", "azurefunctions.csproj", "{23770F06-8703-4183-A1B8-FAD1D8E615CF}"
EndProject
Global
	GlobalSection(SolutionConfigurationPlatforms) = preSolution
		Debug|Any CPU = Debug|Any CPU
		Release|Any CPU = Release|Any CPU
	EndGlobalSection
	GlobalSection(ProjectConfigurationPlatforms) = postSolution
		{23770F06-8703-4183-A1B8-FAD1D8E615CF}.Debug|Any CPU.ActiveCfg = Debug|Any CPU
		{23770F06-8703-4183-A1B8-FAD1D8E615CF}.Debug|Any CPU.Build.0 = Debug|Any CPU
		{23770F06-8703-4183-A1B8-FAD1D8E615CF}.Release|Any CPU.ActiveCfg = Release|Any CPU
		{23770F06-8703-4183-A1B8-FAD1D8E615CF}.Release|Any CPU.Build.0 = Release|Any CPU
	EndGlobalSection
	GlobalSection(SolutionProperties) = preSolution
		HideSolutionNode = FALSE
	EndGlobalSection
	GlobalSection(ExtensibilityGlobals) = postSolution
		SolutionGuid = {63AA4033-E407-46F6-8CDA-D093396874EA}
	EndGlobalSection
EndGlobal
